version = 1
revision = 3
requires-python = ">=3.13"

[[package]]
name = "asgiref"
version = "3.11.1"
source = { registry = "https://pypi.org/simple" }
sdist = { url = "https://files.pythonhosted.org/packages/63/40/f03da1264ae8f7cfdbf9146542e5e7e8100a4c66ab48e791df9a03d3f6c0/asgiref-3.11.1.tar.gz", hash = "sha256:5f184dc43b7e763efe848065441eac62229c9f7b0475f41f80e207a114eda4ce", size = 38550, upload-time = "2026-02-03T13:30:14.33Z" }
wheels = [
    { url = "https://files.pythonhosted.org/packages/5c/0a/a72d10ed65068e115044937873362e6e32fab1b7dce0046aeb224682c989/asgiref-3.11.1-py3-none-any.whl", hash = "sha256:e8667a091e69529631969fd45dc268fa79b99c92c5fcdda727757e52146ec133", size = 24345, upload-time = "2026-02-03T13:30:13.039Z" },
]

[[package]]
name = "django"
version = "6.0.4"
source = { registry = "https://pypi.org/simple" }
dependencies = [
    { name = "asgiref" },
    { name = "sqlparse" },
    { name = "tzdata", marker = "sys_platform == 'win32'" },
]
sdist = { url = "https://files.pythonhosted.org/packages/60/b9/4155091ad1788b38563bd77a7258c0834e8c12a7f56f6975deaf54f8b61d/django-6.0.4.tar.gz", hash = "sha256:8cfa2572b3f2768b2e84983cf3c4811877a01edb64e817986ec5d60751c113ac", size = 10907407, upload-time = "2026-04-07T13:55:44.961Z" }
wheels = [
    { url = "https://files.pythonhosted.org/packages/e9/47/3d61d611609764aa71a37f7037b870e7bfb22937366974c4fd46cada7bab/django-6.0.4-py3-none-any.whl", hash = "sha256:14359c809fc16e8f81fd2b59d7d348e4d2d799da6840b10522b6edf7b8afc1da", size = 8368342, upload-time = "2026-04-07T13:55:37.999Z" },
]

[[package]]
name = "djangorestframework"
version = "3.17.1"
source = { registry = "https://pypi.org/simple" }
dependencies = [
    { name = "django" },
]
sdist = { url = "https://files.pythonhosted.org/packages/ca/d7/c016e69fac19ff8afdc89db9d31d9ae43ae031e4d1993b20aca179b8301a/djangorestframework-3.17.1.tar.gz", hash = "sha256:a6def5f447fe78ff853bff1d47a3c59bf38f5434b031780b351b0c73a62db1a5", size = 905742, upload-time = "2026-03-24T16:58:33.705Z" }
wheels = [
    { url = "https://files.pythonhosted.org/packages/5a/e1/2c516bdc83652b1a60c6119366ac2c0607b479ed05cd6093f916ca8928f8/djangorestframework-3.17.1-py3-none-any.whl", hash = "sha256:c3c74dd3e83a5a3efc37b3c18d92bd6f86a6791c7b7d4dff62bb068500e76457", size = 898844, upload-time = "2026-03-24T16:58:31.845Z" },
]

[[package]]
name = "djangorestframework-simplejwt"
version = "5.5.1"
source = { registry = "https://pypi.org/simple" }
dependencies = [
    { name = "django" },
    { name = "djangorestframework" },
    { name = "pyjwt" },
]
sdist = { url = "https://files.pythonhosted.org/packages/a8/27/2874a325c11112066139769f7794afae238a07ce6adf96259f08fd37a9d7/djangorestframework_simplejwt-5.5.1.tar.gz", hash = "sha256:e72c5572f51d7803021288e2057afcbd03f17fe11d484096f40a460abc76e87f", size = 101265, upload-time = "2025-07-21T16:52:25.026Z" }
wheels = [
    { url = "https://files.pythonhosted.org/packages/60/94/fdfb7b2f0b16cd3ed4d4171c55c1c07a2d1e3b106c5978c8ad0c15b4a48b/djangorestframework_simplejwt-5.5.1-py3-none-any.whl", hash = "sha256:2c30f3707053d384e9f315d11c2daccfcb548d4faa453111ca19a542b732e469", size = 107674, upload-time = "2025-07-21T16:52:07.493Z" },
]

[[package]]
name = "gunicorn"
version = "25.3.0"
source = { registry = "https://pypi.org/simple" }
dependencies = [
    { name = "packaging" },
]
sdist = { url = "https://files.pythonhosted.org/packages/c4/f4/e78fa054248fab913e2eab0332c6c2cb07421fca1ce56d8fe43b6aef57a4/gunicorn-25.3.0.tar.gz", hash = "sha256:f74e1b2f9f76f6cd1ca01198968bd2dd65830edc24b6e8e4d78de8320e2fe889", size = 634883, upload-time = "2026-03-27T00:00:26.092Z" }
wheels = [
    { url = "https://files.pythonhosted.org/packages/43/c8/8aaf447698c4d59aa853fd318eed300b5c9e44459f242ab8ead6c9c09792/gunicorn-25.3.0-py3-none-any.whl", hash = "sha256:cacea387dab08cd6776501621c295a904fe8e3b7aae9a1a3cbb26f4e7ed54660", size = 208403, upload-time = "2026-03-27T00:00:27.386Z" },
]

[[package]]
name = "packaging"
version = "26.1"
source = { registry = "https://pypi.org/simple" }
sdist = { url = "https://files.pythonhosted.org/packages/df/de/0d2b39fb4af88a0258f3bac87dfcbb48e73fbdea4a2ed0e2213f9a4c2f9a/packaging-26.1.tar.gz", hash = "sha256:f042152b681c4bfac5cae2742a55e103d27ab2ec0f3d88037136b6bfe7c9c5de", size = 215519, upload-time = "2026-04-14T21:12:49.362Z" }
wheels = [
    { url = "https://files.pythonhosted.org/packages/7a/c2/920ef838e2f0028c8262f16101ec09ebd5969864e5a64c4c05fad0617c56/packaging-26.1-py3-none-any.whl", hash = "sha256:5d9c0669c6285e491e0ced2eee587eaf67b670d94a19e94e3984a481aba6802f", size = 95831, upload-time = "2026-04-14T21:12:47.56Z" },
]

[[package]]
name = "psycopg2-binary"
version = "2.9.12"
source = { registry = "https://pypi.org/simple" }
sdist = { url = "https://files.pythonhosted.org/packages/2a/60/a3624f79acea344c16fbef3a94d28b89a8042ddfb8f3e4ca83f538671409/psycopg2_binary-2.9.12.tar.gz", hash = "sha256:5ac9444edc768c02a6b6a591f070b8aae28ff3a99be57560ac996001580f294c", size = 379686, upload-time = "2026-04-21T09:40:34.304Z" }
wheels = [
    { url = "https://files.pythonhosted.org/packages/91/bb/4608c96f970f6e0c56572e87027ef4404f709382a3503e9934526d7ba051/psycopg2_binary-2.9.12-cp313-cp313-macosx_10_13_x86_64.whl", hash = "sha256:7c729a73c7b1b84de3582f73cdd27d905121dc2c531f3d9a3c32a3011033b965", size = 3712419, upload-time = "2026-04-20T23:34:58.754Z" },
    { url = "https://files.pythonhosted.org/packages/5e/af/48f76af9d50d61cf390f8cd657b503168b089e2e9298e48465d029fcc713/psycopg2_binary-2.9.12-cp313-cp313-macosx_11_0_arm64.whl", hash = "sha256:4413d0caef93c5cf50b96863df4c2efe8c269bf2267df353225595e7e15e8df7", size = 3822990, upload-time = "2026-04-20T23:35:00.821Z" },
    { url = "https://files.pythonhosted.org/packages/7a/df/aba0f99397cd811d32e06fc0cc781f1f3ce98bc0e729cb423925085d781a/psycopg2_binary-2.9.12-cp313-cp313-manylinux2014_ppc64le.manylinux_2_17_ppc64le.whl", hash = "sha256:4dfcf8e45ebb0c663be34a3442f65e17311f3367089cd4e5e3a3e8e62c978777", size = 4578696, upload-time = "2026-04-20T23:35:03.409Z" },
    { url = "https://files.pythonhosted.org/packages/95/9c/eaa74021ac4e4d5c2f83d82fc6615a63f4fe6c94dc4e94c3990427053f67/psycopg2_binary-2.9.12-cp313-cp313-manylinux2014_x86_64.manylinux_2_17_x86_64.whl", hash = "sha256:c41321a14dd74aceb6a9a643b9253a334521babfa763fa873e33d89cfa122fb5", size = 4274982, upload-time = "2026-04-20T23:35:05.583Z" },
    { url = "https://files.pythonhosted.org/packages/35/ed/c25deff98bd26187ba48b3b250a3ffc3037c46c5b89362534a15d200e0db/psycopg2_binary-2.9.12-cp313-cp313-manylinux_2_27_aarch64.manylinux_2_28_aarch64.whl", hash = "sha256:83946ba43979ebfdc99a3cd0ee775c89f221df026984ba19d46133d8d75d3cd9", size = 5894867, upload-time = "2026-04-20T23:35:07.902Z" },
    { url = "https://files.pythonhosted.org/packages/9a/81/8d0e21ca77373c6c9589e5c4528f6e8f0c08c62cafc76fb0bddb7a2cee22/psycopg2_binary-2.9.12-cp313-cp313-manylinux_2_38_riscv64.manylinux_2_39_riscv64.whl", hash = "sha256:411e85815652d13560fbe731878daa5d92378c4995a22302071890ec3397d019", size = 4110578, upload-time = "2026-04-20T23:35:10.149Z" },
    { url = "https://files.pythonhosted.org/packages/00/fc/f481e2435bd8f742d0123309174aae4165160ad3ef17c1b99c3622c241d2/psycopg2_binary-2.9.12-cp313-cp313-musllinux_1_2_aarch64.whl", hash = "sha256:1c8ad4c08e00f7679559eaed7aff1edfffc60c086b976f93972f686384a95e2c", size = 3655816, upload-time = "2026-04-20T23:35:12.56Z" },
    { url = "https://files.pythonhosted.org/packages/53/79/b9f46466bdbe9f239c96cde8be33c1aace4842f06013b47b730dc9759187/psycopg2_binary-2.9.12-cp313-cp313-musllinux_1_2_ppc64le.whl", hash = "sha256:00814e40fa23c2b37ef0a1e3c749d89982c73a9cb5046137f0752a22d432e82f", size = 3301307, upload-time = "2026-04-20T23:35:15.029Z" },
    { url = "https://files.pythonhosted.org/packages/3f/19/7dc003b32fe35024df89b658104f7c8538a8b2dcbde7a4e746ce929742e7/psycopg2_binary-2.9.12-cp313-cp313-musllinux_1_2_riscv64.whl", hash = "sha256:98062447aebc20ed20add1f547a364fd0ef8933640d5372ff1873f8deb9b61be", size = 3048968, upload-time = "2026-04-20T23:35:16.757Z" },
    { url = "https://files.pythonhosted.org/packages/91/58/2dbd7db5c604d45f4950d988506aae672a14126ec22998ced5021cbb76bb/psycopg2_binary-2.9.12-cp313-cp313-musllinux_1_2_x86_64.whl", hash = "sha256:66a7685d7e548f10fb4ce32fb01a7b7f4aa702134de92a292c7bd9e0d3dbd290", size = 3351369, upload-time = "2026-04-20T23:35:18.933Z" },
    { url = "https://files.pythonhosted.org/packages/42/ee/dee8dcaad07f735824de3d6563bc67119fa6c28257b17977a8d624f02fab/psycopg2_binary-2.9.12-cp313-cp313-win_amd64.whl", hash = "sha256:b6937f5fe4e180aeee87de907a2fa982ded6f7f15d7218f78a083e4e1d68f2a0", size = 2757347, upload-time = "2026-04-20T23:35:21.283Z" },
    { url = "https://files.pythonhosted.org/packages/13/1b/708c0dca874acfad6d65314271859899a79007686f3a1f74e82a2ed4b645/psycopg2_binary-2.9.12-cp314-cp314-macosx_10_15_x86_64.whl", hash = "sha256:6f3b3de8a74ef8db215f22edffb19e32dc6fa41340456de7ec99efdc8a7b3ec2", size = 3712428, upload-time = "2026-04-20T23:35:23.453Z" },
    { url = "https://files.pythonhosted.org/packages/d6/39/ddbea9d4b4de6aca9431b6ed253f530f8a02d3b8f9bcfd0dbfe2b3de6fe4/psycopg2_binary-2.9.12-cp314-cp314-macosx_11_0_arm64.whl", hash = "sha256:1006fb62f0f0bc5ce256a832356c6262e91be43f5e4eb15b5eaf38079464caf2", size = 3823184, upload-time = "2026-04-20T23:35:25.92Z" },
    { url = "https://files.pythonhosted.org/packages/bf/a0/bc2fef74b106fa345567122a0659e6d94512ed7dc0131ec44c9e5aba3725/psycopg2_binary-2.9.12-cp314-cp314-manylinux2014_ppc64le.manylinux_2_17_ppc64le.whl", hash = "sha256:840066105706cd2eb29b9a1c2329620056582a4bf3e8169dec5c447042d0869f", size = 4579157, upload-time = "2026-04-20T23:35:28.542Z" },
    { url = "https://files.pythonhosted.org/packages/57/d7/d4e3b2005d3de607ca4fbb0e8742e248056e52184a6b94ebda3c1c2c329b/psycopg2_binary-2.9.12-cp314-cp314-manylinux2014_x86_64.manylinux_2_17_x86_64.whl", hash = "sha256:863f5d12241ebe1c76a72a04c2113b6dc905f90b9cef0e9be0efd994affd9354", size = 4274970, upload-time = "2026-04-20T23:35:30.418Z" },
    { url = "https://files.pythonhosted.org/packages/2e/42/c9853f8db3967fe08bcde11f53d53b85d351750cae726ce001cb68afa9c1/psycopg2_binary-2.9.12-cp314-cp314-manylinux_2_27_aarch64.manylinux_2_28_aarch64.whl", hash = "sha256:a99eaab34a9010f1a086b126de467466620a750634d114d20455f3a824aae033", size = 5895175, upload-time = "2026-04-20T23:35:33.584Z" },
    { url = "https://files.pythonhosted.org/packages/eb/fd/b82b5601a97630308bef079f545ffec481bbbc795c2ba5ec416a01d03f60/psycopg2_binary-2.9.12-cp314-cp314-manylinux_2_38_riscv64.manylinux_2_39_riscv64.whl", hash = "sha256:ffdd7dc5463ccd61845ac37b7012d0f35a1548df9febe14f8dd549be4a0bc81e", size = 4110658, upload-time = "2026-04-20T23:35:35.638Z" },
    { url = "https://files.pythonhosted.org/packages/62/8c/32ca69b0389ef25dd22937bf9e8fbe2ce27aea20b05ded48c4ce4cb42475/psycopg2_binary-2.9.12-cp314-cp314-musllinux_1_2_aarch64.whl", hash = "sha256:54a0dfecab1b48731f934e06139dfe11e24219fb6d0ceb32177cf0375f14c7b5", size = 3656251, upload-time = "2026-04-20T23:35:37.854Z" },
    { url = "https://files.pythonhosted.org/packages/c4/29/96992a2b59e3b9d730fcf9612d0a387305025dc867a9fc490a9e496e074e/psycopg2_binary-2.9.12-cp314-cp314-musllinux_1_2_ppc64le.whl", hash = "sha256:96937c9c5d891f772430f418a7a8b4691a90c3e6b93cf72b5bd7cad8cbca32a5", size = 3301810, upload-time = "2026-04-20T23:35:39.927Z" },
    { url = "https://files.pythonhosted.org/packages/56/ad/44b06659949b243ae10112cd3b20a197f9bf3e81d5651379b9eb889bfaad/psycopg2_binary-2.9.12-cp314-cp314-musllinux_1_2_riscv64.whl", hash = "sha256:77b348775efd4cdab410ec6609d81ccecd1139c90265fa583a7255c8064bc03d", size = 3048977, upload-time = "2026-04-20T23:35:41.806Z" },
    { url = "https://files.pythonhosted.org/packages/1d/f2/10a1bcebadb6aa55e280e1f58975c36a7b560ea525184c7aa4064c466633/psycopg2_binary-2.9.12-cp314-cp314-musllinux_1_2_x86_64.whl", hash = "sha256:527e6342b3e44c2f0544f6b8e927d60de7f163f5723b8f1dfa7d2a84298738cd", size = 3351466, upload-time = "2026-04-20T23:35:43.993Z" },
    { url = "https://files.pythonhosted.org/packages/20/be/b732c8418ffa5bcfda002890f5dc4c869fc17db66ff11f53b17cfe44afc0/psycopg2_binary-2.9.12-cp314-cp314-win_amd64.whl", hash = "sha256:f12ae41fcafadb39b2785e64a40f9db05d6de2ac114077457e0e7c597f3af980", size = 2848762, upload-time = "2026-04-20T23:35:46.421Z" },
]

[[package]]
name = "pyjwt"
version = "2.12.1"
source = { registry = "https://pypi.org/simple" }
sdist = { url = "https://files.pythonhosted.org/packages/c2/27/a3b6e5bf6ff856d2509292e95c8f57f0df7017cf5394921fc4e4ef40308a/pyjwt-2.12.1.tar.gz", hash = "sha256:c74a7a2adf861c04d002db713dd85f84beb242228e671280bf709d765b03672b", size = 102564, upload-time = "2026-03-13T19:27:37.25Z" }
wheels = [
    { url = "https://files.pythonhosted.org/packages/e5/7a/8dd906bd22e79e47397a61742927f6747fe93242ef86645ee9092e610244/pyjwt-2.12.1-py3-none-any.whl", hash = "sha256:28ca37c070cad8ba8cd9790cd940535d40274d22f80ab87f3ac6a713e6e8454c", size = 29726, upload-time = "2026-03-13T19:27:35.677Z" },
]

[[package]]
name = "sqlparse"
version = "0.5.5"
source = { registry = "https://pypi.org/simple" }
sdist = { url = "https://files.pythonhosted.org/packages/90/76/437d71068094df0726366574cf3432a4ed754217b436eb7429415cf2d480/sqlparse-0.5.5.tar.gz", hash = "sha256:e20d4a9b0b8585fdf63b10d30066c7c94c5d7a7ec47c889a2d83a3caa93ff28e", size = 120815, upload-time = "2025-12-19T07:17:45.073Z" }
wheels = [
    { url = "https://files.pythonhosted.org/packages/49/4b/359f28a903c13438ef59ebeee215fb25da53066db67b305c125f1c6d2a25/sqlparse-0.5.5-py3-none-any.whl", hash = "sha256:12a08b3bf3eec877c519589833aed092e2444e68240a3577e8e26148acc7b1ba", size = 46138, upload-time = "2025-12-19T07:17:46.573Z" },
]

[[package]]
name = "tzdata"
version = "2026.1"
source = { registry = "https://pypi.org/simple" }
sdist = { url = "https://files.pythonhosted.org/packages/19/f5/cd531b2d15a671a40c0f66cf06bc3570a12cd56eef98960068ebbad1bf5a/tzdata-2026.1.tar.gz", hash = "sha256:67658a1903c75917309e753fdc349ac0efd8c27db7a0cb406a25be4840f87f98", size = 197639, upload-time = "2026-04-03T11:25:22.002Z" }
wheels = [
    { url = "https://files.pythonhosted.org/packages/b0/70/d460bd685a170790ec89317e9bd33047988e4bce507b831f5db771e142de/tzdata-2026.1-py2.py3-none-any.whl", hash = "sha256:4b1d2be7ac37ceafd7327b961aa3a54e467efbdb563a23655fbfe0d39cfc42a9", size = 348952, upload-time = "2026-04-03T11:25:20.313Z" },
]

[[package]]
name = "us"
version = "0.1.0"
source = { virtual = "." }
dependencies = [
    { name = "django" },
    { name = "djangorestframework" },
    { name = "djangorestframework-simplejwt" },
    { name = "gunicorn" },
    { name = "psycopg2-binary" },
    { name = "whitenoise" },
]

[package.metadata]
requires-dist = [
    { name = "django", specifier = ">=6.0.4" },
    { name = "djangorestframework", specifier = ">=3.17.1" },
    { name = "djangorestframework-simplejwt", specifier = ">=5.5.1" },
    { name = "gunicorn", specifier = ">=25.3.0" },
    { name = "psycopg2-binary", specifier = ">=2.9.12" },
    { name = "whitenoise", specifier = ">=6.12.0" },
]

[[package]]
name = "whitenoise"
version = "6.12.0"
source = { registry = "https://pypi.org/simple" }
sdist = { url = "https://files.pythonhosted.org/packages/cb/2a/55b3f3a4ec326cd077c1c3defeee656b9298372a69229134d930151acd01/whitenoise-6.12.0.tar.gz", hash = "sha256:f723ebb76a112e98816ff80fcea0a6c9b8ecde835f8ddda25df7a30a3c2db6ad", size = 26841, upload-time = "2026-02-27T00:05:42.028Z" }
wheels = [
    { url = "https://files.pythonhosted.org/packages/db/eb/d5583a11486211f3ebd4b385545ae787f32363d453c19fffd81106c9c138/whitenoise-6.12.0-py3-none-any.whl", hash = "sha256:fc5e8c572e33ebf24795b47b6a7da8da3c00cff2349f5b04c02f28d0cc5a3cc2", size = 20302, upload-time = "2026-02-27T00:05:40.086Z" },
]
